
Microsoft Visual Studio Solution File, Format Version 12.00
# Visual Studio 15
VisualStudioVersion = 15.0.27130.2036
MinimumVisualStudioVersion = 10.0.40219.1
Project("{FAE04EC0-301F-11D3-BF4B-00C04F79EFBC}") = "KubeMob.Droid", "KubeMob\KubeMob.Android\KubeMob.Droid.csproj", "{0B55EA70-4242-4A3F-8827-B2DBF8F55526}"
EndProject
Project("{FAE04EC0-301F-11D3-BF4B-00C04F79EFBC}") = "KubeMob.iOS", "KubeMob\KubeMob.iOS\KubeMob.iOS.csproj", "{12C80CCC-DD76-4754-8F9A-EBEE160CC5D5}"
EndProject
Project("{2150E333-8FDC-42A3-9474-1A3956D46DE8}") = "Shared", "Shared", "{32DF099C-B39B-497E-9992-ECA73BF0E301}"
EndProject
Project("{2150E333-8FDC-42A3-9474-1A3956D46DE8}") = "src", "src", "{A7FA9C3F-55E0-4FC1-A7F9-2DAD2C45374B}"
EndProject
Project("{2150E333-8FDC-42A3-9474-1A3956D46DE8}") = "Targets", "Targets", "{A9339DCF-F908-4970-B534-C1DD148930EF}"
EndProject
Project("{9A19103F-16F7-4668-BE54-9A1E7A4F7556}") = "KubeMob.Common", "KubeMob\KubeMob.Common\KubeMob.Common.csproj", "{BA929CC1-951D-46EF-BA0C-108A234251A2}"
EndProject
Project("{2150E333-8FDC-42A3-9474-1A3956D46DE8}") = "tests", "tests", "{F6457B71-22A1-41DF-AFF6-1B1401B9DAEF}"
EndProject
Project("{9A19103F-16F7-4668-BE54-9A1E7A4F7556}") = "KubeMob.Common.UnitTests", "KubeMob\KubeMob.Common.UnitTests\KubeMob.Common.UnitTests.csproj", "{B0A5E463-7A96-4687-9832-DC3606CDBCE1}"
EndProject
Project("{FAE04EC0-301F-11D3-BF4B-00C04F79EFBC}") = "KubeMob.TestRunner.Droid", "KubeMob\KubeMob.TestRunner.Droid\KubeMob.TestRunner.Droid.csproj", "{AD7B78B0-AE51-4FB7-9B11-4E22A2B538CA}"
EndProject
Global
	GlobalSection(SolutionConfigurationPlatforms) = preSolution
		Ad-Hoc|Any CPU = Ad-Hoc|Any CPU
		Ad-Hoc|iPhone = Ad-Hoc|iPhone
		Ad-Hoc|iPhoneSimulator = Ad-Hoc|iPhoneSimulator
		AppStore|Any CPU = AppStore|Any CPU
		AppStore|iPhone = AppStore|iPhone
		AppStore|iPhoneSimulator = AppStore|iPhoneSimulator
		Debug|Any CPU = Debug|Any CPU
		Debug|iPhone = Debug|iPhone
		Debug|iPhoneSimulator = Debug|iPhoneSimulator
		Release|Any CPU = Release|Any CPU
		Release|iPhone = Release|iPhone
		Release|iPhoneSimulator = Release|iPhoneSimulator
	EndGlobalSection
	GlobalSection(ProjectConfigurationPlatforms) = postSolution
		{0B55EA70-4242-4A3F-8827-B2DBF8F55526}.Ad-Hoc|Any CPU.ActiveCfg = Release|Any CPU
		{0B55EA70-4242-4A3F-8827-B2DBF8F55526}.Ad-Hoc|Any CPU.Build.0 = Release|Any CPU
		{0B55EA70-4242-4A3F-8827-B2DBF8F55526}.Ad-Hoc|Any CPU.Deploy.0 = Release|Any CPU
		{0B55EA70-4242-4A3F-8827-B2DBF8F55526}.Ad-Hoc|iPhone.ActiveCfg = Release|Any CPU
		{0B55EA70-4242-4A3F-8827-B2DBF8F55526}.Ad-Hoc|iPhone.Build.0 = Release|Any CPU
		{0B55EA70-4242-4A3F-8827-B2DBF8F55526}.Ad-Hoc|iPhone.Deploy.0 = Release|Any CPU
		{0B55EA70-4242-4A3F-8827-B2DBF8F55526}.Ad-Hoc|iPhoneSimulator.ActiveCfg = Release|Any CPU
		{0B55EA70-4242-4A3F-8827-B2DBF8F55526}.Ad-Hoc|iPhoneSimulator.Build.0 = Release|Any CPU
		{0B55EA70-4242-4A3F-8827-B2DBF8F55526}.Ad-Hoc|iPhoneSimulator.Deploy.0 = Release|Any CPU
		{0B55EA70-4242-4A3F-8827-B2DBF8F55526}.AppStore|Any CPU.ActiveCfg = Release|Any CPU
		{0B55EA70-4242-4A3F-8827-B2DBF8F55526}.AppStore|Any CPU.Build.0 = Release|Any CPU
		{0B55EA70-4242-4A3F-8827-B2DBF8F55526}.AppStore|Any CPU.Deploy.0 = Release|Any CPU
		{0B55EA70-4242-4A3F-8827-B2DBF8F55526}.AppStore|iPhone.ActiveCfg = Release|Any CPU
		{0B55EA70-4242-4A3F-8827-B2DBF8F55526}.AppStore|iPhone.Build.0 = Release|Any CPU
		{0B55EA70-4242-4A3F-8827-B2DBF8F55526}.AppStore|iPhone.Deploy.0 = Release|Any CPU
		{0B55EA70-4242-4A3F-8827-B2DBF8F55526}.AppStore|iPhoneSimulator.ActiveCfg = Release|Any CPU
		{0B55EA70-4242-4A3F-8827-B2DBF8F55526}.AppStore|iPhoneSimulator.Build.0 = Release|Any CPU
		{0B55EA70-4242-4A3F-8827-B2DBF8F55526}.AppStore|iPhoneSimulator.Deploy.0 = Release|Any CPU
		{0B55EA70-4242-4A3F-8827-B2DBF8F55526}.Debug|Any CPU.ActiveCfg = Debug|Any CPU
		{0B55EA70-4242-4A3F-8827-B2DBF8F55526}.Debug|Any CPU.Build.0 = Debug|Any CPU
		{0B55EA70-4242-4A3F-8827-B2DBF8F55526}.Debug|Any CPU.Deploy.0 = Debug|Any CPU
		{0B55EA70-4242-4A3F-8827-B2DBF8F55526}.Debug|iPhone.ActiveCfg = Debug|Any CPU
		{0B55EA70-4242-4A3F-8827-B2DBF8F55526}.Debug|iPhone.Build.0 = Debug|Any CPU
		{0B55EA70-4242-4A3F-8827-B2DBF8F55526}.Debug|iPhone.Deploy.0 = Debug|Any CPU
		{0B55EA70-4242-4A3F-8827-B2DBF8F55526}.Debug|iPhoneSimulator.ActiveCfg = Debug|Any CPU
		{0B55EA70-4242-4A3F-8827-B2DBF8F55526}.Debug|iPhoneSimulator.Build.0 = Debug|Any CPU
		{0B55EA70-4242-4A3F-8827-B2DBF8F55526}.Debug|iPhoneSimulator.Deploy.0 = Debug|Any CPU
		{0B55EA70-4242-4A3F-8827-B2DBF8F55526}.Release|Any CPU.ActiveCfg = Release|Any CPU
		{0B55EA70-4242-4A3F-8827-B2DBF8F55526}.Release|Any CPU.Build.0 = Release|Any CPU
		{0B55EA70-4242-4A3F-8827-B2DBF8F55526}.Release|Any CPU.Deploy.0 = Release|Any CPU
		{0B55EA70-4242-4A3F-8827-B2DBF8F55526}.Release|iPhone.ActiveCfg = Release|Any CPU
		{0B55EA70-4242-4A3F-8827-B2DBF8F55526}.Release|iPhone.Build.0 = Release|Any CPU
		{0B55EA70-4242-4A3F-8827-B2DBF8F55526}.Release|iPhone.Deploy.0 = Release|Any CPU
		{0B55EA70-4242-4A3F-8827-B2DBF8F55526}.Release|iPhoneSimulator.ActiveCfg = Release|Any CPU
		{0B55EA70-4242-4A3F-8827-B2DBF8F55526}.Release|iPhoneSimulator.Build.0 = Release|Any CPU
		{0B55EA70-4242-4A3F-8827-B2DBF8F55526}.Release|iPhoneSimulator.Deploy.0 = Release|Any CPU
		{12C80CCC-DD76-4754-8F9A-EBEE160CC5D5}.Ad-Hoc|Any CPU.ActiveCfg = Ad-Hoc|iPhone
		{12C80CCC-DD76-4754-8F9A-EBEE160CC5D5}.Ad-Hoc|iPhone.ActiveCfg = Ad-Hoc|iPhone
		{12C80CCC-DD76-4754-8F9A-EBEE160CC5D5}.Ad-Hoc|iPhone.Build.0 = Ad-Hoc|iPhone
		{12C80CCC-DD76-4754-8F9A-EBEE160CC5D5}.Ad-Hoc|iPhoneSimulator.ActiveCfg = Ad-Hoc|iPhoneSimulator
		{12C80CCC-DD76-4754-8F9A-EBEE160CC5D5}.Ad-Hoc|iPhoneSimulator.Build.0 = Ad-Hoc|iPhoneSimulator
		{12C80CCC-DD76-4754-8F9A-EBEE160CC5D5}.AppStore|Any CPU.ActiveCfg = AppStore|iPhone
		{12C80CCC-DD76-4754-8F9A-EBEE160CC5D5}.AppStore|iPhone.ActiveCfg = AppStore|iPhone
		{12C80CCC-DD76-4754-8F9A-EBEE160CC5D5}.AppStore|iPhone.Build.0 = AppStore|iPhone
		{12C80CCC-DD76-4754-8F9A-EBEE160CC5D5}.AppStore|iPhoneSimulator.ActiveCfg = AppStore|iPhoneSimulator
		{12C80CCC-DD76-4754-8F9A-EBEE160CC5D5}.AppStore|iPhoneSimulator.Build.0 = AppStore|iPhoneSimulator
		{12C80CCC-DD76-4754-8F9A-EBEE160CC5D5}.Debug|Any CPU.ActiveCfg = Debug|iPhone
		{12C80CCC-DD76-4754-8F9A-EBEE160CC5D5}.Debug|iPhone.ActiveCfg = Debug|iPhone
		{12C80CCC-DD76-4754-8F9A-EBEE160CC5D5}.Debug|iPhone.Build.0 = Debug|iPhone
		{12C80CCC-DD76-4754-8F9A-EBEE160CC5D5}.Debug|iPhoneSimulator.ActiveCfg = Debug|iPhoneSimulator
		{12C80CCC-DD76-4754-8F9A-EBEE160CC5D5}.Debug|iPhoneSimulator.Build.0 = Debug|iPhoneSimulator
		{12C80CCC-DD76-4754-8F9A-EBEE160CC5D5}.Release|Any CPU.ActiveCfg = Release|iPhone
		{12C80CCC-DD76-4754-8F9A-EBEE160CC5D5}.Release|iPhone.ActiveCfg = Release|iPhone
		{12C80CCC-DD76-4754-8F9A-EBEE160CC5D5}.Release|iPhone.Build.0 = Release|iPhone
		{12C80CCC-DD76-4754-8F9A-EBEE160CC5D5}.Release|iPhoneSimulator.ActiveCfg = Release|iPhoneSimulator
		{12C80CCC-DD76-4754-8F9A-EBEE160CC5D5}.Release|iPhoneSimulator.Build.0 = Release|iPhoneSimulator
		{BA929CC1-951D-46EF-BA0C-108A234251A2}.Ad-Hoc|Any CPU.ActiveCfg = Debug|Any CPU
		{BA929CC1-951D-46EF-BA0C-108A234251A2}.Ad-Hoc|Any CPU.Build.0 = Debug|Any CPU
		{BA929CC1-951D-46EF-BA0C-108A234251A2}.Ad-Hoc|iPhone.ActiveCfg = Debug|Any CPU
		{BA929CC1-951D-46EF-BA0C-108A234251A2}.Ad-Hoc|iPhone.Build.0 = Debug|Any CPU
		{BA929CC1-951D-46EF-BA0C-108A234251A2}.Ad-Hoc|iPhoneSimulator.ActiveCfg = Debug|Any CPU
		{BA929CC1-951D-46EF-BA0C-108A234251A2}.Ad-Hoc|iPhoneSimulator.Build.0 = Debug|Any CPU
		{BA929CC1-951D-46EF-BA0C-108A234251A2}.AppStore|Any CPU.ActiveCfg = Debug|Any CPU
		{BA929CC1-951D-46EF-BA0C-108A234251A2}.AppStore|Any CPU.Build.0 = Debug|Any CPU
		{BA929CC1-951D-46EF-BA0C-108A234251A2}.AppStore|iPhone.ActiveCfg = Debug|Any CPU
		{BA929CC1-951D-46EF-BA0C-108A234251A2}.AppStore|iPhone.Build.0 = Debug|Any CPU
		{BA929CC1-951D-46EF-BA0C-108A234251A2}.AppStore|iPhoneSimulator.ActiveCfg = Debug|Any CPU
		{BA929CC1-951D-46EF-BA0C-108A234251A2}.AppStore|iPhoneSimulator.Build.0 = Debug|Any CPU
		{BA929CC1-951D-46EF-BA0C-108A234251A2}.Debug|Any CPU.ActiveCfg = Debug|Any CPU
		{BA929CC1-951D-46EF-BA0C-108A234251A2}.Debug|Any CPU.Build.0 = Debug|Any CPU
		{BA929CC1-951D-46EF-BA0C-108A234251A2}.Debug|iPhone.ActiveCfg = Debug|Any CPU
		{BA929CC1-951D-46EF-BA0C-108A234251A2}.Debug|iPhone.Build.0 = Debug|Any CPU
		{BA929CC1-951D-46EF-BA0C-108A234251A2}.Debug|iPhoneSimulator.ActiveCfg = Debug|Any CPU
		{BA929CC1-951D-46EF-BA0C-108A234251A2}.Debug|iPhoneSimulator.Build.0 = Debug|Any CPU
		{BA929CC1-951D-46EF-BA0C-108A234251A2}.Release|Any CPU.ActiveCfg = Release|Any CPU
		{BA929CC1-951D-46EF-BA0C-108A234251A2}.Release|Any CPU.Build.0 = Release|Any CPU
		{BA929CC1-951D-46EF-BA0C-108A234251A2}.Release|iPhone.ActiveCfg = Release|Any CPU
		{BA929CC1-951D-46EF-BA0C-108A234251A2}.Release|iPhone.Build.0 = Release|Any CPU
		{BA929CC1-951D-46EF-BA0C-108A234251A2}.Release|iPhoneSimulator.ActiveCfg = Release|Any CPU
		{BA929CC1-951D-46EF-BA0C-108A234251A2}.Release|iPhoneSimulator.Build.0 = Release|Any CPU
		{B0A5E463-7A96-4687-9832-DC3606CDBCE1}.Ad-Hoc|Any CPU.ActiveCfg = Debug|Any CPU
		{B0A5E463-7A96-4687-9832-DC3606CDBCE1}.Ad-Hoc|Any CPU.Build.0 = Debug|Any CPU
		{B0A5E463-7A96-4687-9832-DC3606CDBCE1}.Ad-Hoc|iPhone.ActiveCfg = Debug|Any CPU
		{B0A5E463-7A96-4687-9832-DC3606CDBCE1}.Ad-Hoc|iPhone.Build.0 = Debug|Any CPU
		{B0A5E463-7A96-4687-9832-DC3606CDBCE1}.Ad-Hoc|iPhoneSimulator.ActiveCfg = Debug|Any CPU
		{B0A5E463-7A96-4687-9832-DC3606CDBCE1}.Ad-Hoc|iPhoneSimulator.Build.0 = Debug|Any CPU
		{B0A5E463-7A96-4687-9832-DC3606CDBCE1}.AppStore|Any CPU.ActiveCfg = Debug|Any CPU
		{B0A5E463-7A96-4687-9832-DC3606CDBCE1}.AppStore|Any CPU.Build.0 = Debug|Any CPU
		{B0A5E463-7A96-4687-9832-DC3606CDBCE1}.AppStore|iPhone.ActiveCfg = Debug|Any CPU
		{B0A5E463-7A96-4687-9832-DC3606CDBCE1}.AppStore|iPhone.Build.0 = Debug|Any CPU
		{B0A5E463-7A96-4687-9832-DC3606CDBCE1}.AppStore|iPhoneSimulator.ActiveCfg = Debug|Any CPU
		{B0A5E463-7A96-4687-9832-DC3606CDBCE1}.AppStore|iPhoneSimulator.Build.0 = Debug|Any CPU
		{B0A5E463-7A96-4687-9832-DC3606CDBCE1}.Debug|Any CPU.ActiveCfg = Debug|Any CPU
		{B0A5E463-7A96-4687-9832-DC3606CDBCE1}.Debug|Any CPU.Build.0 = Debug|Any CPU
		{B0A5E463-7A96-4687-9832-DC3606CDBCE1}.Debug|iPhone.ActiveCfg = Debug|Any CPU
		{B0A5E463-7A96-4687-9832-DC3606CDBCE1}.Debug|iPhone.Build.0 = Debug|Any CPU
		{B0A5E463-7A96-4687-9832-DC3606CDBCE1}.Debug|iPhoneSimulator.ActiveCfg = Debug|Any CPU
		{B0A5E463-7A96-4687-9832-DC3606CDBCE1}.Debug|iPhoneSimulator.Build.0 = Debug|Any CPU
		{B0A5E463-7A96-4687-9832-DC3606CDBCE1}.Release|Any CPU.ActiveCfg = Release|Any CPU
		{B0A5E463-7A96-4687-9832-DC3606CDBCE1}.Release|Any CPU.Build.0 = Release|Any CPU
		{B0A5E463-7A96-4687-9832-DC3606CDBCE1}.Release|iPhone.ActiveCfg = Release|Any CPU
		{B0A5E463-7A96-4687-9832-DC3606CDBCE1}.Release|iPhone.Build.0 = Release|Any CPU
		{B0A5E463-7A96-4687-9832-DC3606CDBCE1}.Release|iPhoneSimulator.ActiveCfg = Release|Any CPU
		{B0A5E463-7A96-4687-9832-DC3606CDBCE1}.Release|iPhoneSimulator.Build.0 = Release|Any CPU
		{AD7B78B0-AE51-4FB7-9B11-4E22A2B538CA}.Ad-Hoc|Any CPU.ActiveCfg = Release|Any CPU
		{AD7B78B0-AE51-4FB7-9B11-4E22A2B538CA}.Ad-Hoc|Any CPU.Build.0 = Release|Any CPU
		{AD7B78B0-AE51-4FB7-9B11-4E22A2B538CA}.Ad-Hoc|Any CPU.Deploy.0 = Release|Any CPU
		{AD7B78B0-AE51-4FB7-9B11-4E22A2B538CA}.Ad-Hoc|iPhone.ActiveCfg = Release|Any CPU
		{AD7B78B0-AE51-4FB7-9B11-4E22A2B538CA}.Ad-Hoc|iPhone.Build.0 = Release|Any CPU
		{AD7B78B0-AE51-4FB7-9B11-4E22A2B538CA}.Ad-Hoc|iPhone.Deploy.0 = Release|Any CPU
		{AD7B78B0-AE51-4FB7-9B11-4E22A2B538CA}.Ad-Hoc|iPhoneSimulator.ActiveCfg = Release|Any CPU
		{AD7B78B0-AE51-4FB7-9B11-4E22A2B538CA}.Ad-Hoc|iPhoneSimulator.Build.0 = Release|Any CPU
		{AD7B78B0-AE51-4FB7-9B11-4E22A2B538CA}.Ad-Hoc|iPhoneSimulator.Deploy.0 = Release|Any CPU
		{AD7B78B0-AE51-4FB7-9B11-4E22A2B538CA}.AppStore|Any CPU.ActiveCfg = Release|Any CPU
		{AD7B78B0-AE51-4FB7-9B11-4E22A2B538CA}.AppStore|Any CPU.Build.0 = Release|Any CPU
		{AD7B78B0-AE51-4FB7-9B11-4E22A2B538CA}.AppStore|Any CPU.Deploy.0 = Release|Any CPU
		{AD7B78B0-AE51-4FB7-9B11-4E22A2B538CA}.AppStore|iPhone.ActiveCfg = Release|Any CPU
		{AD7B78B0-AE51-4FB7-9B11-4E22A2B538CA}.AppStore|iPhone.Build.0 = Release|Any CPU
		{AD7B78B0-AE51-4FB7-9B11-4E22A2B538CA}.AppStore|iPhone.Deploy.0 = Release|Any CPU
		{AD7B78B0-AE51-4FB7-9B11-4E22A2B538CA}.AppStore|iPhoneSimulator.ActiveCfg = Release|Any CPU
		{AD7B78B0-AE51-4FB7-9B11-4E22A2B538CA}.AppStore|iPhoneSimulator.Build.0 = Release|Any CPU
		{AD7B78B0-AE51-4FB7-9B11-4E22A2B538CA}.AppStore|iPhoneSimulator.Deploy.0 = Release|Any CPU
		{AD7B78B0-AE51-4FB7-9B11-4E22A2B538CA}.Debug|Any CPU.ActiveCfg = Debug|Any CPU
		{AD7B78B0-AE51-4FB7-9B11-4E22A2B538CA}.Debug|Any CPU.Build.0 = Debug|Any CPU
		{AD7B78B0-AE51-4FB7-9B11-4E22A2B538CA}.Debug|Any CPU.Deploy.0 = Debug|Any CPU
		{AD7B78B0-AE51-4FB7-9B11-4E22A2B538CA}.Debug|iPhone.ActiveCfg = Debug|Any CPU
		{AD7B78B0-AE51-4FB7-9B11-4E22A2B538CA}.Debug|iPhone.Build.0 = Debug|Any CPU
		{AD7B78B0-AE51-4FB7-9B11-4E22A2B538CA}.Debug|iPhone.Deploy.0 = Debug|Any CPU
		{AD7B78B0-AE51-4FB7-9B11-4E22A2B538CA}.Debug|iPhoneSimulator.ActiveCfg = Debug|Any CPU
		{AD7B78B0-AE51-4FB7-9B11-4E22A2B538CA}.Debug|iPhoneSimulator.Build.0 = Debug|Any CPU
		{AD7B78B0-AE51-4FB7-9B11-4E22A2B538CA}.Debug|iPhoneSimulator.Deploy.0 = Debug|Any CPU
		{AD7B78B0-AE51-4FB7-9B11-4E22A2B538CA}.Release|Any CPU.ActiveCfg = Release|Any CPU
		{AD7B78B0-AE51-4FB7-9B11-4E22A2B538CA}.Release|Any CPU.Build.0 = Release|Any CPU
		{AD7B78B0-AE51-4FB7-9B11-4E22A2B538CA}.Release|Any CPU.Deploy.0 = Release|Any CPU
		{AD7B78B0-AE51-4FB7-9B11-4E22A2B538CA}.Release|iPhone.ActiveCfg = Release|Any CPU
		{AD7B78B0-AE51-4FB7-9B11-4E22A2B538CA}.Release|iPhone.Build.0 = Release|Any CPU
		{AD7B78B0-AE51-4FB7-9B11-4E22A2B538CA}.Release|iPhone.Deploy.0 = Release|Any CPU
		{AD7B78B0-AE51-4FB7-9B11-4E22A2B538CA}.Release|iPhoneSimulator.ActiveCfg = Release|Any CPU
		{AD7B78B0-AE51-4FB7-9B11-4E22A2B538CA}.Release|iPhoneSimulator.Build.0 = Release|Any CPU
		{AD7B78B0-AE51-4FB7-9B11-4E22A2B538CA}.Release|iPhoneSimulator.Deploy.0 = Release|Any CPU
	EndGlobalSection
	GlobalSection(SolutionProperties) = preSolution
		HideSolutionNode = FALSE
	EndGlobalSection
	GlobalSection(NestedProjects) = preSolution
		{0B55EA70-4242-4A3F-8827-B2DBF8F55526} = {A9339DCF-F908-4970-B534-C1DD148930EF}
		{12C80CCC-DD76-4754-8F9A-EBEE160CC5D5} = {A9339DCF-F908-4970-B534-C1DD148930EF}
		{32DF099C-B39B-497E-9992-ECA73BF0E301} = {A7FA9C3F-55E0-4FC1-A7F9-2DAD2C45374B}
		{A9339DCF-F908-4970-B534-C1DD148930EF} = {A7FA9C3F-55E0-4FC1-A7F9-2DAD2C45374B}
		{BA929CC1-951D-46EF-BA0C-108A234251A2} = {32DF099C-B39B-497E-9992-ECA73BF0E301}
		{B0A5E463-7A96-4687-9832-DC3606CDBCE1} = {F6457B71-22A1-41DF-AFF6-1B1401B9DAEF}
		{AD7B78B0-AE51-4FB7-9B11-4E22A2B538CA} = {F6457B71-22A1-41DF-AFF6-1B1401B9DAEF}
	EndGlobalSection
	GlobalSection(ExtensibilityGlobals) = postSolution
		SolutionGuid = {984D2C19-E6D2-4A0A-9713-3E5036F23AB2}
	EndGlobalSection
EndGlobal
