
Microsoft Visual Studio Solution File, Format Version 12.00
# Visual Studio 15
VisualStudioVersion = 15.0.27130.2036
MinimumVisualStudioVersion = 10.0.40219.1
Project("{FAE04EC0-301F-11D3-BF4B-00C04F79EFBC}") = "KubeMob.Android", "KubeMob\KubeMob.Android\KubeMob.Android.csproj", "{0B55EA70-4242-4A3F-8827-B2DBF8F55526}"
EndProject
Project("{FAE04EC0-301F-11D3-BF4B-00C04F79EFBC}") = "KubeMob.iOS", "KubeMob\KubeMob.iOS\KubeMob.iOS.csproj", "{12C80CCC-DD76-4754-8F9A-EBEE160CC5D5}"
EndProject
Project("{9A19103F-16F7-4668-BE54-9A1E7A4F7556}") = "KubeMob.Common", "KubeMob\KubeMob\KubeMob.Common.csproj", "{B709CAA6-B588-420C-9949-7B0FBE850488}"
EndProject
Project("{2150E333-8FDC-42A3-9474-1A3956D46DE8}") = "Shared", "Shared", "{32DF099C-B39B-497E-9992-ECA73BF0E301}"
EndProject
Project("{2150E333-8FDC-42A3-9474-1A3956D46DE8}") = "src", "src", "{A7FA9C3F-55E0-4FC1-A7F9-2DAD2C45374B}"
EndProject
Project("{2150E333-8FDC-42A3-9474-1A3956D46DE8}") = "Targets", "Targets", "{A9339DCF-F908-4970-B534-C1DD148930EF}"
EndProject
Global
	GlobalSection(SolutionConfigurationPlatforms) = preSolution
		Ad-Hoc|Any CPU = Ad-Hoc|Any CPU
		Ad-Hoc|iPhone = Ad-Hoc|iPhone
		Ad-Hoc|iPhoneSimulator = Ad-Hoc|iPhoneSimulator
		AppStore|Any CPU = AppStore|Any CPU
		AppStore|iPhone = AppStore|iPhone
		AppStore|iPhoneSimulator = AppStore|iPhoneSimulator
		Debug|Any CPU = Debug|Any CPU
		Debug|iPhone = Debug|iPhone
		Debug|iPhoneSimulator = Debug|iPhoneSimulator
		Release|Any CPU = Release|Any CPU
		Release|iPhone = Release|iPhone
		Release|iPhoneSimulator = Release|iPhoneSimulator
	EndGlobalSection
	GlobalSection(ProjectConfigurationPlatforms) = postSolution
		{0B55EA70-4242-4A3F-8827-B2DBF8F55526}.Ad-Hoc|Any CPU.ActiveCfg = Release|Any CPU
		{0B55EA70-4242-4A3F-8827-B2DBF8F55526}.Ad-Hoc|Any CPU.Build.0 = Release|Any CPU
		{0B55EA70-4242-4A3F-8827-B2DBF8F55526}.Ad-Hoc|Any CPU.Deploy.0 = Release|Any CPU
		{0B55EA70-4242-4A3F-8827-B2DBF8F55526}.Ad-Hoc|iPhone.ActiveCfg = Release|Any CPU
		{0B55EA70-4242-4A3F-8827-B2DBF8F55526}.Ad-Hoc|iPhone.Build.0 = Release|Any CPU
		{0B55EA70-4242-4A3F-8827-B2DBF8F55526}.Ad-Hoc|iPhone.Deploy.0 = Release|Any CPU
		{0B55EA70-4242-4A3F-8827-B2DBF8F55526}.Ad-Hoc|iPhoneSimulator.ActiveCfg = Release|Any CPU
		{0B55EA70-4242-4A3F-8827-B2DBF8F55526}.Ad-Hoc|iPhoneSimulator.Build.0 = Release|Any CPU
		{0B55EA70-4242-4A3F-8827-B2DBF8F55526}.Ad-Hoc|iPhoneSimulator.Deploy.0 = Release|Any CPU
		{0B55EA70-4242-4A3F-8827-B2DBF8F55526}.AppStore|Any CPU.ActiveCfg = Release|Any CPU
		{0B55EA70-4242-4A3F-8827-B2DBF8F55526}.AppStore|Any CPU.Build.0 = Release|Any CPU
		{0B55EA70-4242-4A3F-8827-B2DBF8F55526}.AppStore|Any CPU.Deploy.0 = Release|Any CPU
		{0B55EA70-4242-4A3F-8827-B2DBF8F55526}.AppStore|iPhone.ActiveCfg = Release|Any CPU
		{0B55EA70-4242-4A3F-8827-B2DBF8F55526}.AppStore|iPhone.Build.0 = Release|Any CPU
		{0B55EA70-4242-4A3F-8827-B2DBF8F55526}.AppStore|iPhone.Deploy.0 = Release|Any CPU
		{0B55EA70-4242-4A3F-8827-B2DBF8F55526}.AppStore|iPhoneSimulator.ActiveCfg = Release|Any CPU
		{0B55EA70-4242-4A3F-8827-B2DBF8F55526}.AppStore|iPhoneSimulator.Build.0 = Release|Any CPU
		{0B55EA70-4242-4A3F-8827-B2DBF8F55526}.AppStore|iPhoneSimulator.Deploy.0 = Release|Any CPU
		{0B55EA70-4242-4A3F-8827-B2DBF8F55526}.Debug|Any CPU.ActiveCfg = Debug|Any CPU
		{0B55EA70-4242-4A3F-8827-B2DBF8F55526}.Debug|Any CPU.Build.0 = Debug|Any CPU
		{0B55EA70-4242-4A3F-8827-B2DBF8F55526}.Debug|Any CPU.Deploy.0 = Debug|Any CPU
		{0B55EA70-4242-4A3F-8827-B2DBF8F55526}.Debug|iPhone.ActiveCfg = Debug|Any CPU
		{0B55EA70-4242-4A3F-8827-B2DBF8F55526}.Debug|iPhone.Build.0 = Debug|Any CPU
		{0B55EA70-4242-4A3F-8827-B2DBF8F55526}.Debug|iPhone.Deploy.0 = Debug|Any CPU
		{0B55EA70-4242-4A3F-8827-B2DBF8F55526}.Debug|iPhoneSimulator.ActiveCfg = Debug|Any CPU
		{0B55EA70-4242-4A3F-8827-B2DBF8F55526}.Debug|iPhoneSimulator.Build.0 = Debug|Any CPU
		{0B55EA70-4242-4A3F-8827-B2DBF8F55526}.Debug|iPhoneSimulator.Deploy.0 = Debug|Any CPU
		{0B55EA70-4242-4A3F-8827-B2DBF8F55526}.Release|Any CPU.ActiveCfg = Release|Any CPU
		{0B55EA70-4242-4A3F-8827-B2DBF8F55526}.Release|Any CPU.Build.0 = Release|Any CPU
		{0B55EA70-4242-4A3F-8827-B2DBF8F55526}.Release|Any CPU.Deploy.0 = Release|Any CPU
		{0B55EA70-4242-4A3F-8827-B2DBF8F55526}.Release|iPhone.ActiveCfg = Release|Any CPU
		{0B55EA70-4242-4A3F-8827-B2DBF8F55526}.Release|iPhone.Build.0 = Release|Any CPU
		{0B55EA70-4242-4A3F-8827-B2DBF8F55526}.Release|iPhone.Deploy.0 = Release|Any CPU
		{0B55EA70-4242-4A3F-8827-B2DBF8F55526}.Release|iPhoneSimulator.ActiveCfg = Release|Any CPU
		{0B55EA70-4242-4A3F-8827-B2DBF8F55526}.Release|iPhoneSimulator.Build.0 = Release|Any CPU
		{0B55EA70-4242-4A3F-8827-B2DBF8F55526}.Release|iPhoneSimulator.Deploy.0 = Release|Any CPU
		{12C80CCC-DD76-4754-8F9A-EBEE160CC5D5}.Ad-Hoc|Any CPU.ActiveCfg = Ad-Hoc|iPhone
		{12C80CCC-DD76-4754-8F9A-EBEE160CC5D5}.Ad-Hoc|iPhone.ActiveCfg = Ad-Hoc|iPhone
		{12C80CCC-DD76-4754-8F9A-EBEE160CC5D5}.Ad-Hoc|iPhone.Build.0 = Ad-Hoc|iPhone
		{12C80CCC-DD76-4754-8F9A-EBEE160CC5D5}.Ad-Hoc|iPhoneSimulator.ActiveCfg = Ad-Hoc|iPhoneSimulator
		{12C80CCC-DD76-4754-8F9A-EBEE160CC5D5}.Ad-Hoc|iPhoneSimulator.Build.0 = Ad-Hoc|iPhoneSimulator
		{12C80CCC-DD76-4754-8F9A-EBEE160CC5D5}.AppStore|Any CPU.ActiveCfg = AppStore|iPhone
		{12C80CCC-DD76-4754-8F9A-EBEE160CC5D5}.AppStore|iPhone.ActiveCfg = AppStore|iPhone
		{12C80CCC-DD76-4754-8F9A-EBEE160CC5D5}.AppStore|iPhone.Build.0 = AppStore|iPhone
		{12C80CCC-DD76-4754-8F9A-EBEE160CC5D5}.AppStore|iPhoneSimulator.ActiveCfg = AppStore|iPhoneSimulator
		{12C80CCC-DD76-4754-8F9A-EBEE160CC5D5}.AppStore|iPhoneSimulator.Build.0 = AppStore|iPhoneSimulator
		{12C80CCC-DD76-4754-8F9A-EBEE160CC5D5}.Debug|Any CPU.ActiveCfg = Debug|iPhone
		{12C80CCC-DD76-4754-8F9A-EBEE160CC5D5}.Debug|iPhone.ActiveCfg = Debug|iPhone
		{12C80CCC-DD76-4754-8F9A-EBEE160CC5D5}.Debug|iPhone.Build.0 = Debug|iPhone
		{12C80CCC-DD76-4754-8F9A-EBEE160CC5D5}.Debug|iPhoneSimulator.ActiveCfg = Debug|iPhoneSimulator
		{12C80CCC-DD76-4754-8F9A-EBEE160CC5D5}.Debug|iPhoneSimulator.Build.0 = Debug|iPhoneSimulator
		{12C80CCC-DD76-4754-8F9A-EBEE160CC5D5}.Release|Any CPU.ActiveCfg = Release|iPhone
		{12C80CCC-DD76-4754-8F9A-EBEE160CC5D5}.Release|iPhone.ActiveCfg = Release|iPhone
		{12C80CCC-DD76-4754-8F9A-EBEE160CC5D5}.Release|iPhone.Build.0 = Release|iPhone
		{12C80CCC-DD76-4754-8F9A-EBEE160CC5D5}.Release|iPhoneSimulator.ActiveCfg = Release|iPhoneSimulator
		{12C80CCC-DD76-4754-8F9A-EBEE160CC5D5}.Release|iPhoneSimulator.Build.0 = Release|iPhoneSimulator
		{B709CAA6-B588-420C-9949-7B0FBE850488}.Ad-Hoc|Any CPU.ActiveCfg = Debug|Any CPU
		{B709CAA6-B588-420C-9949-7B0FBE850488}.Ad-Hoc|Any CPU.Build.0 = Debug|Any CPU
		{B709CAA6-B588-420C-9949-7B0FBE850488}.Ad-Hoc|iPhone.ActiveCfg = Debug|Any CPU
		{B709CAA6-B588-420C-9949-7B0FBE850488}.Ad-Hoc|iPhone.Build.0 = Debug|Any CPU
		{B709CAA6-B588-420C-9949-7B0FBE850488}.Ad-Hoc|iPhoneSimulator.ActiveCfg = Debug|Any CPU
		{B709CAA6-B588-420C-9949-7B0FBE850488}.Ad-Hoc|iPhoneSimulator.Build.0 = Debug|Any CPU
		{B709CAA6-B588-420C-9949-7B0FBE850488}.AppStore|Any CPU.ActiveCfg = Debug|Any CPU
		{B709CAA6-B588-420C-9949-7B0FBE850488}.AppStore|Any CPU.Build.0 = Debug|Any CPU
		{B709CAA6-B588-420C-9949-7B0FBE850488}.AppStore|iPhone.ActiveCfg = Debug|Any CPU
		{B709CAA6-B588-420C-9949-7B0FBE850488}.AppStore|iPhone.Build.0 = Debug|Any CPU
		{B709CAA6-B588-420C-9949-7B0FBE850488}.AppStore|iPhoneSimulator.ActiveCfg = Debug|Any CPU
		{B709CAA6-B588-420C-9949-7B0FBE850488}.AppStore|iPhoneSimulator.Build.0 = Debug|Any CPU
		{B709CAA6-B588-420C-9949-7B0FBE850488}.Debug|Any CPU.ActiveCfg = Debug|Any CPU
		{B709CAA6-B588-420C-9949-7B0FBE850488}.Debug|Any CPU.Build.0 = Debug|Any CPU
		{B709CAA6-B588-420C-9949-7B0FBE850488}.Debug|iPhone.ActiveCfg = Debug|Any CPU
		{B709CAA6-B588-420C-9949-7B0FBE850488}.Debug|iPhone.Build.0 = Debug|Any CPU
		{B709CAA6-B588-420C-9949-7B0FBE850488}.Debug|iPhoneSimulator.ActiveCfg = Debug|Any CPU
		{B709CAA6-B588-420C-9949-7B0FBE850488}.Debug|iPhoneSimulator.Build.0 = Debug|Any CPU
		{B709CAA6-B588-420C-9949-7B0FBE850488}.Release|Any CPU.ActiveCfg = Release|Any CPU
		{B709CAA6-B588-420C-9949-7B0FBE850488}.Release|Any CPU.Build.0 = Release|Any CPU
		{B709CAA6-B588-420C-9949-7B0FBE850488}.Release|iPhone.ActiveCfg = Release|Any CPU
		{B709CAA6-B588-420C-9949-7B0FBE850488}.Release|iPhone.Build.0 = Release|Any CPU
		{B709CAA6-B588-420C-9949-7B0FBE850488}.Release|iPhoneSimulator.ActiveCfg = Release|Any CPU
		{B709CAA6-B588-420C-9949-7B0FBE850488}.Release|iPhoneSimulator.Build.0 = Release|Any CPU
	EndGlobalSection
	GlobalSection(SolutionProperties) = preSolution
		HideSolutionNode = FALSE
	EndGlobalSection
	GlobalSection(NestedProjects) = preSolution
		{0B55EA70-4242-4A3F-8827-B2DBF8F55526} = {A9339DCF-F908-4970-B534-C1DD148930EF}
		{12C80CCC-DD76-4754-8F9A-EBEE160CC5D5} = {A9339DCF-F908-4970-B534-C1DD148930EF}
		{B709CAA6-B588-420C-9949-7B0FBE850488} = {32DF099C-B39B-497E-9992-ECA73BF0E301}
		{32DF099C-B39B-497E-9992-ECA73BF0E301} = {A7FA9C3F-55E0-4FC1-A7F9-2DAD2C45374B}
		{A9339DCF-F908-4970-B534-C1DD148930EF} = {A7FA9C3F-55E0-4FC1-A7F9-2DAD2C45374B}
	EndGlobalSection
	GlobalSection(ExtensibilityGlobals) = postSolution
		SolutionGuid = {984D2C19-E6D2-4A0A-9713-3E5036F23AB2}
	EndGlobalSection
EndGlobal
